
Microsoft Visual Studio Solution File, Format Version 12.00
# Visual Studio Version 17
VisualStudioVersion = 17.11.35327.3
MinimumVisualStudioVersion = 10.0.40219.1
Project("{FAE04EC0-301F-11D3-BF4B-00C04F79EFBC}") = "TypeWriter", "TypeWriter\TypeWriter.csproj", "{5EE6BB78-22F6-4D11-AADA-F1B974D5CA43}"
EndProject
Global
	GlobalSection(SolutionConfigurationPlatforms) = preSolution
		Debug|Any CPU = Debug|Any CPU
		Release|Any CPU = Release|Any CPU
	EndGlobalSection
	GlobalSection(ProjectConfigurationPlatforms) = postSolution
		{5EE6BB78-22F6-4D11-AADA-F1B974D5CA43}.Debug|Any CPU.ActiveCfg = Debug|Any CPU
		{5EE6BB78-22F6-4D11-AADA-F1B974D5CA43}.Debug|Any CPU.Build.0 = Debug|Any CPU
		{5EE6BB78-22F6-4D11-AADA-F1B974D5CA43}.Release|Any CPU.ActiveCfg = Release|Any CPU
		{5EE6BB78-22F6-4D11-AADA-F1B974D5CA43}.Release|Any CPU.Build.0 = Release|Any CPU
	EndGlobalSection
	GlobalSection(SolutionProperties) = preSolution
		HideSolutionNode = FALSE
	EndGlobalSection
	GlobalSection(ExtensibilityGlobals) = postSolution
		SolutionGuid = {6AAE2276-7C38-494E-B880-A476CB589CCD}
	EndGlobalSection
EndGlobal
